# This file is generated by running "yarn install" inside your project.
# Manual changes might be lost - proceed with caution!

__metadata:
  version: 6
  cacheKey: 8

"@colors/colors@npm:1.5.0":
  version: 1.5.0
  resolution: "@colors/colors@npm:1.5.0"
  checksum: d64d5260bed1d5012ae3fc617d38d1afc0329fec05342f4e6b838f46998855ba56e0a73833f4a80fa8378c84810da254f76a8a19c39d038260dc06dc4e007425
  languageName: node
  linkType: hard

"@cspotcode/source-map-support@npm:^0.8.0":
  version: 0.8.1
  resolution: "@cspotcode/source-map-support@npm:0.8.1"
  dependencies:
    "@jridgewell/trace-mapping": 0.3.9
  checksum: 5718f267085ed8edb3e7ef210137241775e607ee18b77d95aa5bd7514f47f5019aa2d82d96b3bf342ef7aa890a346fa1044532ff7cc3009e7d24fce3ce6200fa
  languageName: node
  linkType: hard

"@jridgewell/resolve-uri@npm:^3.0.3":
  version: 3.1.1
  resolution: "@jridgewell/resolve-uri@npm:3.1.1"
  checksum: f5b441fe7900eab4f9155b3b93f9800a916257f4e8563afbcd3b5a5337b55e52bd8ae6735453b1b745457d9f6cdb16d74cd6220bbdd98cf153239e13f6cbb653
  languageName: node
  linkType: hard

"@jridgewell/sourcemap-codec@npm:^1.4.10":
  version: 1.4.15
  resolution: "@jridgewell/sourcemap-codec@npm:1.4.15"
  checksum: b881c7e503db3fc7f3c1f35a1dd2655a188cc51a3612d76efc8a6eb74728bef5606e6758ee77423e564092b4a518aba569bbb21c9bac5ab7a35b0c6ae7e344c8
  languageName: node
  linkType: hard

"@jridgewell/trace-mapping@npm:0.3.9":
  version: 0.3.9
  resolution: "@jridgewell/trace-mapping@npm:0.3.9"
  dependencies:
    "@jridgewell/resolve-uri": ^3.0.3
    "@jridgewell/sourcemap-codec": ^1.4.10
  checksum: d89597752fd88d3f3480845691a05a44bd21faac18e2185b6f436c3b0fd0c5a859fbbd9aaa92050c4052caf325ad3e10e2e1d1b64327517471b7d51babc0ddef
  languageName: node
  linkType: hard

"@tsconfig/node10@npm:^1.0.7":
  version: 1.0.9
  resolution: "@tsconfig/node10@npm:1.0.9"
  checksum: a33ae4dc2a621c0678ac8ac4bceb8e512ae75dac65417a2ad9b022d9b5411e863c4c198b6ba9ef659e14b9fb609bbec680841a2e84c1172df7a5ffcf076539df
  languageName: node
  linkType: hard

"@tsconfig/node12@npm:^1.0.7":
  version: 1.0.11
  resolution: "@tsconfig/node12@npm:1.0.11"
  checksum: 5ce29a41b13e7897a58b8e2df11269c5395999e588b9a467386f99d1d26f6c77d1af2719e407621412520ea30517d718d5192a32403b8dfcc163bf33e40a338a
  languageName: node
  linkType: hard

"@tsconfig/node14@npm:^1.0.0":
  version: 1.0.3
  resolution: "@tsconfig/node14@npm:1.0.3"
  checksum: 19275fe80c4c8d0ad0abed6a96dbf00642e88b220b090418609c4376e1cef81bf16237bf170ad1b341452feddb8115d8dd2e5acdfdea1b27422071163dc9ba9d
  languageName: node
  linkType: hard

"@tsconfig/node16@npm:^1.0.2":
  version: 1.0.3
  resolution: "@tsconfig/node16@npm:1.0.3"
  checksum: 3a8b657dd047495b7ad23437d6afd20297ce90380ff0bdee93fc7d39a900dbd8d9e26e53ff6b465e7967ce2adf0b218782590ce9013285121e6a5928fbd6819f
  languageName: node
  linkType: hard

"@types/has-ansi@npm:^3.0.0":
  version: 3.0.0
  resolution: "@types/has-ansi@npm:3.0.0"
  checksum: 0010f490d4a1532d5e1ffa5dbb753d3981b028fd10476cf7c3645d56ae94764e2f552337da0c81500801b6ef93a9f3ce08d968901345d4f73d0f63dc884b6291
  languageName: node
  linkType: hard

"@types/lodash.isequal@npm:^4.5.5":
  version: 4.5.6
  resolution: "@types/lodash.isequal@npm:4.5.6"
  dependencies:
    "@types/lodash": "*"
  checksum: 0f065989408a9e0584e6c27495be2cd4602e62650f55266aa195812582444463c0c8570c674ae84f947c11748f49ab43fd5b482fa120e08eeee4c23b162edc38
  languageName: node
  linkType: hard

"@types/lodash@npm:*":
  version: 4.14.194
  resolution: "@types/lodash@npm:4.14.194"
  checksum: 113f34831c461469d91feca2dde737f88487732898b4d25e9eb23b087bb193985f864d1e1e0f3b777edc5022e460443588b6000a3b2348c966f72d17eedc35ea
  languageName: node
  linkType: hard

"@types/marked@npm:^4.0.8":
  version: 4.0.8
  resolution: "@types/marked@npm:4.0.8"
  checksum: 68278fa7acaa5d920cdc239d675b5daf842e0ad4779e4848cd617d9baf2ac1afccb5a264c331e37d80031d647e1640cb983cd31e73d45b28552670b4853fad8e
  languageName: node
  linkType: hard

"@types/node@npm:^18.15.11":
  version: 18.15.11
  resolution: "@types/node@npm:18.15.11"
  checksum: 977b4ad04708897ff0eb049ecf82246d210939c82461922d20f7d2dcfd81bbc661582ba3af28869210f7e8b1934529dcd46bff7d448551400f9d48b9d3bddec3
  languageName: node
  linkType: hard

"@types/prop-types@npm:*":
  version: 15.7.5
  resolution: "@types/prop-types@npm:15.7.5"
  checksum: 5b43b8b15415e1f298243165f1d44390403bb2bd42e662bca3b5b5633fdd39c938e91b7fce3a9483699db0f7a715d08cef220c121f723a634972fdf596aec980
  languageName: node
  linkType: hard

"@types/react@npm:^18.0.37":
  version: 18.0.37
  resolution: "@types/react@npm:18.0.37"
  dependencies:
    "@types/prop-types": "*"
    "@types/scheduler": "*"
    csstype: ^3.0.2
  checksum: 6a6c8feada1d6aa2d01a38c44ce09598d93688e97ed21511d5e34fd7fe748b760dd957a5ac0725f5643d8d7e1a0ade6478ebd4be96c9605c5d6816b17ad35d2d
  languageName: node
  linkType: hard

"@types/scheduler@npm:*":
  version: 0.16.3
  resolution: "@types/scheduler@npm:0.16.3"
  checksum: 2b0aec39c24268e3ce938c5db2f2e77f5c3dd280e05c262d9c2fe7d890929e4632a6b8e94334017b66b45e4f92a5aa42ba3356640c2a1175fa37bef2f5200767
  languageName: node
  linkType: hard

"acorn-walk@npm:^8.1.1":
  version: 8.2.0
  resolution: "acorn-walk@npm:8.2.0"
  checksum: 1715e76c01dd7b2d4ca472f9c58968516a4899378a63ad5b6c2d668bba8da21a71976c14ec5f5b75f887b6317c4ae0b897ab141c831d741dc76024d8745f1ad1
  languageName: node
  linkType: hard

"acorn@npm:^8.4.1":
  version: 8.8.2
  resolution: "acorn@npm:8.8.2"
  bin:
    acorn: bin/acorn
  checksum: f790b99a1bf63ef160c967e23c46feea7787e531292bb827126334612c234ed489a0dc2c7ba33156416f0ffa8d25bf2b0fdb7f35c2ba60eb3e960572bece4001
  languageName: node
  linkType: hard

"ansi-escapes@npm:^5.0.0":
  version: 5.0.0
  resolution: "ansi-escapes@npm:5.0.0"
  dependencies:
    type-fest: ^1.0.2
  checksum: d4b5eb8207df38367945f5dd2ef41e08c28edc192dc766ef18af6b53736682f49d8bfcfa4e4d6ecbc2e2f97c258fda084fb29a9e43b69170b71090f771afccac
  languageName: node
  linkType: hard

"ansi-escapes@npm:^6.0.0":
  version: 6.1.0
  resolution: "ansi-escapes@npm:6.1.0"
  dependencies:
    type-fest: ^3.0.0
  checksum: 7ce5d9cefd3d7345dc00161aea2ea9ad5fb3dd66658d4e8731ea047be838d755100f0823a05523d0e518e8e080746fc0a45d3ea3053099376bdd572efaedc7c1
  languageName: node
  linkType: hard

"ansi-regex@npm:^3.0.0":
  version: 3.0.1
  resolution: "ansi-regex@npm:3.0.1"
  checksum: 09daf180c5f59af9850c7ac1bd7fda85ba596cc8cbeb210826e90755f06c818af86d9fa1e6e8322fab2c3b9e9b03f56c537b42241139f824dd75066a1e7257cc
  languageName: node
  linkType: hard

"ansi-regex@npm:^5.0.1":
  version: 5.0.1
  resolution: "ansi-regex@npm:5.0.1"
  checksum: 2aa4bb54caf2d622f1afdad09441695af2a83aa3fe8b8afa581d205e57ed4261c183c4d3877cee25794443fde5876417d859c108078ab788d6af7e4fe52eb66b
  languageName: node
  linkType: hard

"ansi-regex@npm:^6.0.1":
  version: 6.0.1
  resolution: "ansi-regex@npm:6.0.1"
  checksum: 1ff8b7667cded1de4fa2c9ae283e979fc87036864317da86a2e546725f96406746411d0d85e87a2d12fa5abd715d90006de7fa4fa0477c92321ad3b4c7d4e169
  languageName: node
  linkType: hard

"ansi-styles@npm:^6.0.0, ansi-styles@npm:^6.1.0, ansi-styles@npm:^6.2.1":
  version: 6.2.1
  resolution: "ansi-styles@npm:6.2.1"
  checksum: ef940f2f0ced1a6347398da88a91da7930c33ecac3c77b72c5905f8b8fe402c52e6fde304ff5347f616e27a742da3f1dc76de98f6866c69251ad0b07a66776d9
  languageName: node
  linkType: hard

"ansicolors@npm:~0.3.2":
  version: 0.3.2
  resolution: "ansicolors@npm:0.3.2"
  checksum: e84fae7ebc27ac96d9dbb57f35f078cd6dde1b7046b0f03f73dcefc9fbb1f2e82e3685d083466aded8faf038f9fa9ebb408d215282bcd7aaa301d5ac3c486815
  languageName: node
  linkType: hard

"arg@npm:^4.1.0":
  version: 4.1.3
  resolution: "arg@npm:4.1.3"
  checksum: 544af8dd3f60546d3e4aff084d451b96961d2267d668670199692f8d054f0415d86fc5497d0e641e91546f0aa920e7c29e5250e99fc89f5552a34b5d93b77f43
  languageName: node
  linkType: hard

"asynckit@npm:^0.4.0":
  version: 0.4.0
  resolution: "asynckit@npm:0.4.0"
  checksum: 7b78c451df768adba04e2d02e63e2d0bf3b07adcd6e42b4cf665cb7ce899bedd344c69a1dcbce355b5f972d597b25aaa1c1742b52cffd9caccb22f348114f6be
  languageName: node
  linkType: hard

"auto-bind@npm:^5.0.1":
  version: 5.0.1
  resolution: "auto-bind@npm:5.0.1"
  checksum: 44a6d8d040c4382e761922f8fa1b044e18ddefbc855fecee0c76ec6b4e6fc74adda21026bc86e190833e05f52b4b6615372c2a83a734858f8395b1e2a98b253a
  languageName: node
  linkType: hard

"axios@npm:^0.26.0":
  version: 0.26.1
  resolution: "axios@npm:0.26.1"
  dependencies:
    follow-redirects: ^1.14.8
  checksum: d9eb58ff4bc0b36a04783fc9ff760e9245c829a5a1052ee7ca6013410d427036b1d10d04e7380c02f3508c5eaf3485b1ae67bd2adbfec3683704745c8d7a6e1a
  languageName: node
  linkType: hard

"cardinal@npm:^2.1.1":
  version: 2.1.1
  resolution: "cardinal@npm:2.1.1"
  dependencies:
    ansicolors: ~0.3.2
    redeyed: ~2.1.0
  bin:
    cdl: ./bin/cdl.js
  checksum: e8d4ae46439cf8fed481c0efd267711ee91e199aa7821a9143e784ed94a6495accd01a0b36d84d377e8ee2cc9928a6c9c123b03be761c60b805f2c026b8a99ad
  languageName: node
  linkType: hard

"chalk@npm:^5.0.0, chalk@npm:^5.2.0":
  version: 5.2.0
  resolution: "chalk@npm:5.2.0"
  checksum: 03d8060277de6cf2fd567dc25fcf770593eb5bb85f460ce443e49255a30ff1242edd0c90a06a03803b0466ff0687a939b41db1757bec987113e83de89a003caa
  languageName: node
  linkType: hard

"chatgpt-cli@workspace:.":
  version: 0.0.0-use.local
  resolution: "chatgpt-cli@workspace:."
  dependencies:
    "@types/marked": ^4.0.8
    "@types/node": ^18.15.11
    "@types/react": ^18.0.37
    chalk: ^5.2.0
    dotenv: ^16.0.3
    ink: ^4.2.0
    ink-quicksearch-input: ^1.0.0
    ink-spinner: ^5.0.0
    ink-text-input: ^5.0.1
    marked: ^4.3.0
    marked-terminal: ^5.1.1
    openai: ^3.2.1
    react: ^18.2.0
    ts-node: ^10.9.1
    type-fest: ^3.8.0
    typescript: ^5.0.4
    uuid: ^9.0.0
  bin:
    chatgpt: ./src/index.tsx
  languageName: unknown
  linkType: soft

"ci-info@npm:^3.2.0":
  version: 3.8.0
  resolution: "ci-info@npm:3.8.0"
  checksum: d0a4d3160497cae54294974a7246202244fff031b0a6ea20dd57b10ec510aa17399c41a1b0982142c105f3255aff2173e5c0dd7302ee1b2f28ba3debda375098
  languageName: node
  linkType: hard

"cli-boxes@npm:^3.0.0":
  version: 3.0.0
  resolution: "cli-boxes@npm:3.0.0"
  checksum: 637d84419d293a9eac40a1c8c96a2859e7d98b24a1a317788e13c8f441be052fc899480c6acab3acc82eaf1bccda6b7542d7cdcf5c9c3cc39227175dc098d5b2
  languageName: node
  linkType: hard

"cli-cursor@npm:^4.0.0":
  version: 4.0.0
  resolution: "cli-cursor@npm:4.0.0"
  dependencies:
    restore-cursor: ^4.0.0
  checksum: ab3f3ea2076e2176a1da29f9d64f72ec3efad51c0960898b56c8a17671365c26e67b735920530eaf7328d61f8bd41c27f46b9cf6e4e10fe2fa44b5e8c0e392cc
  languageName: node
  linkType: hard

"cli-spinners@npm:^2.7.0":
  version: 2.9.0
  resolution: "cli-spinners@npm:2.9.0"
  checksum: a9c56e1f44457d4a9f4f535364e729cb8726198efa9e98990cfd9eda9e220dfa4ba12f92808d1be5e29029cdfead781db82dc8549b97b31c907d55f96aa9b0e2
  languageName: node
  linkType: hard

"cli-table3@npm:^0.6.1":
  version: 0.6.3
  resolution: "cli-table3@npm:0.6.3"
  dependencies:
    "@colors/colors": 1.5.0
    string-width: ^4.2.0
  dependenciesMeta:
    "@colors/colors":
      optional: true
  checksum: 09897f68467973f827c04e7eaadf13b55f8aec49ecd6647cc276386ea660059322e2dd8020a8b6b84d422dbdd619597046fa89cbbbdc95b2cea149a2df7c096c
  languageName: node
  linkType: hard

"cli-truncate@npm:^3.1.0":
  version: 3.1.0
  resolution: "cli-truncate@npm:3.1.0"
  dependencies:
    slice-ansi: ^5.0.0
    string-width: ^5.0.0
  checksum: c3243e41974445691c63f8b405df1d5a24049dc33d324fe448dc572e561a7b772ae982692900b1a5960901cc4fc7def25a629b9c69a4208ee89d12ab3332617a
  languageName: node
  linkType: hard

"code-excerpt@npm:^4.0.0":
  version: 4.0.0
  resolution: "code-excerpt@npm:4.0.0"
  dependencies:
    convert-to-spaces: ^2.0.1
  checksum: d57137d8f4825879283a828cc02a1115b56858dc54ed06c625c8f67d6685d1becd2fbaa7f0ab19ecca1f5cca03f8c97bbc1f013cab40261e4d3275032e65efe9
  languageName: node
  linkType: hard

"combined-stream@npm:^1.0.8":
  version: 1.0.8
  resolution: "combined-stream@npm:1.0.8"
  dependencies:
    delayed-stream: ~1.0.0
  checksum: 49fa4aeb4916567e33ea81d088f6584749fc90c7abec76fd516bf1c5aa5c79f3584b5ba3de6b86d26ddd64bae5329c4c7479343250cfe71c75bb366eae53bb7c
  languageName: node
  linkType: hard

"convert-to-spaces@npm:^2.0.1":
  version: 2.0.1
  resolution: "convert-to-spaces@npm:2.0.1"
  checksum: bbb324e5916fe9866f65c0ff5f9c1ea933764d0bdb09fccaf59542e40545ed483db6b2339c6d9eb56a11965a58f1a6038f3174f0e2fb7601343c7107ca5e2751
  languageName: node
  linkType: hard

"create-require@npm:^1.1.0":
  version: 1.1.1
  resolution: "create-require@npm:1.1.1"
  checksum: a9a1503d4390d8b59ad86f4607de7870b39cad43d929813599a23714831e81c520bddf61bcdd1f8e30f05fd3a2b71ae8538e946eb2786dc65c2bbc520f692eff
  languageName: node
  linkType: hard

"csstype@npm:^3.0.2":
  version: 3.1.2
  resolution: "csstype@npm:3.1.2"
  checksum: e1a52e6c25c1314d6beef5168da704ab29c5186b877c07d822bd0806717d9a265e8493a2e35ca7e68d0f5d472d43fac1cdce70fd79fd0853dff81f3028d857b5
  languageName: node
  linkType: hard

"delayed-stream@npm:~1.0.0":
  version: 1.0.0
  resolution: "delayed-stream@npm:1.0.0"
  checksum: 46fe6e83e2cb1d85ba50bd52803c68be9bd953282fa7096f51fc29edd5d67ff84ff753c51966061e5ba7cb5e47ef6d36a91924eddb7f3f3483b1c560f77a0020
  languageName: node
  linkType: hard

"diff@npm:^4.0.1":
  version: 4.0.2
  resolution: "diff@npm:4.0.2"
  checksum: f2c09b0ce4e6b301c221addd83bf3f454c0bc00caa3dd837cf6c127d6edf7223aa2bbe3b688feea110b7f262adbfc845b757c44c8a9f8c0c5b15d8fa9ce9d20d
  languageName: node
  linkType: hard

"dotenv@npm:^16.0.3":
  version: 16.0.3
  resolution: "dotenv@npm:16.0.3"
  checksum: afcf03f373d7a6d62c7e9afea6328e62851d627a4e73f2e12d0a8deae1cd375892004f3021883f8aec85932cd2834b091f568ced92b4774625b321db83b827f8
  languageName: node
  linkType: hard

"eastasianwidth@npm:^0.2.0":
  version: 0.2.0
  resolution: "eastasianwidth@npm:0.2.0"
  checksum: 7d00d7cd8e49b9afa762a813faac332dee781932d6f2c848dc348939c4253f1d4564341b7af1d041853bc3f32c2ef141b58e0a4d9862c17a7f08f68df1e0f1ed
  languageName: node
  linkType: hard

"emoji-regex@npm:^8.0.0":
  version: 8.0.0
  resolution: "emoji-regex@npm:8.0.0"
  checksum: d4c5c39d5a9868b5fa152f00cada8a936868fd3367f33f71be515ecee4c803132d11b31a6222b2571b1e5f7e13890156a94880345594d0ce7e3c9895f560f192
  languageName: node
  linkType: hard

"emoji-regex@npm:^9.2.2":
  version: 9.2.2
  resolution: "emoji-regex@npm:9.2.2"
  checksum: 8487182da74aabd810ac6d6f1994111dfc0e331b01271ae01ec1eb0ad7b5ecc2bbbbd2f053c05cb55a1ac30449527d819bbfbf0e3de1023db308cbcb47f86601
  languageName: node
  linkType: hard

"escape-string-regexp@npm:^2.0.0":
  version: 2.0.0
  resolution: "escape-string-regexp@npm:2.0.0"
  checksum: 9f8a2d5743677c16e85c810e3024d54f0c8dea6424fad3c79ef6666e81dd0846f7437f5e729dfcdac8981bc9e5294c39b4580814d114076b8d36318f46ae4395
  languageName: node
  linkType: hard

"esprima@npm:~4.0.0":
  version: 4.0.1
  resolution: "esprima@npm:4.0.1"
  bin:
    esparse: ./bin/esparse.js
    esvalidate: ./bin/esvalidate.js
  checksum: b45bc805a613dbea2835278c306b91aff6173c8d034223fa81498c77dcbce3b2931bf6006db816f62eacd9fd4ea975dfd85a5b7f3c6402cfd050d4ca3c13a628
  languageName: node
  linkType: hard

"follow-redirects@npm:^1.14.8":
  version: 1.15.2
  resolution: "follow-redirects@npm:1.15.2"
  peerDependenciesMeta:
    debug:
      optional: true
  checksum: faa66059b66358ba65c234c2f2a37fcec029dc22775f35d9ad6abac56003268baf41e55f9ee645957b32c7d9f62baf1f0b906e68267276f54ec4b4c597c2b190
  languageName: node
  linkType: hard

"form-data@npm:^4.0.0":
  version: 4.0.0
  resolution: "form-data@npm:4.0.0"
  dependencies:
    asynckit: ^0.4.0
    combined-stream: ^1.0.8
    mime-types: ^2.1.12
  checksum: 01135bf8675f9d5c61ff18e2e2932f719ca4de964e3be90ef4c36aacfc7b9cb2fceb5eca0b7e0190e3383fe51c5b37f4cb80b62ca06a99aaabfcfd6ac7c9328c
  languageName: node
  linkType: hard

"has-ansi@npm:3.0.0":
  version: 3.0.0
  resolution: "has-ansi@npm:3.0.0"
  dependencies:
    ansi-regex: ^3.0.0
  checksum: d52ff546c982fb8646e6aa6a4e3741c123a29dcd0342db0e98cd17561356fc47fb03cc0cab9ad2000887facc39b8e7ce385089bdce548e6ff5463858ed5c12c1
  languageName: node
  linkType: hard

"has-flag@npm:^4.0.0":
  version: 4.0.0
  resolution: "has-flag@npm:4.0.0"
  checksum: 261a1357037ead75e338156b1f9452c016a37dcd3283a972a30d9e4a87441ba372c8b81f818cd0fbcd9c0354b4ae7e18b9e1afa1971164aef6d18c2b6095a8ad
  languageName: node
  linkType: hard

"indent-string@npm:^5.0.0":
  version: 5.0.0
  resolution: "indent-string@npm:5.0.0"
  checksum: e466c27b6373440e6d84fbc19e750219ce25865cb82d578e41a6053d727e5520dc5725217d6eb1cc76005a1bb1696a0f106d84ce7ebda3033b963a38583fb3b3
  languageName: node
  linkType: hard

"ink-quicksearch-input@npm:^1.0.0":
  version: 1.0.0
  resolution: "ink-quicksearch-input@npm:1.0.0"
  dependencies:
    "@types/has-ansi": ^3.0.0
    "@types/lodash.isequal": ^4.5.5
    has-ansi: 3.0.0
    keypress: ^0.2.1
    lodash.isequal: 4.5.0
  peerDependencies:
    ink: 2.6.x
  checksum: c52f87c89f13d5d50ed43265cbd50f9b072831ac0d18d6df9c20bd93f14eabc89e5a7a1eb8cbb78ef36c40f81ac4497783fdaa7b58f6060f5eade943808bb73a
  languageName: node
  linkType: hard

"ink-spinner@npm:^5.0.0":
  version: 5.0.0
  resolution: "ink-spinner@npm:5.0.0"
  dependencies:
    cli-spinners: ^2.7.0
  peerDependencies:
    ink: ">=4.0.0"
    react: ">=18.0.0"
  checksum: 88e547ff56ac8ee31239daef43b03ca2797eb20cc338ad25aba8e8fbe2cb322ea212494f8c545f327d345051be50542e1a27fdee3758a32a1b4a5db5308cad63
  languageName: node
  linkType: hard

"ink-text-input@npm:^5.0.1":
  version: 5.0.1
  resolution: "ink-text-input@npm:5.0.1"
  dependencies:
    chalk: ^5.2.0
    type-fest: ^3.6.1
  peerDependencies:
    ink: ^4.0.0
    react: ^18.0.0
  checksum: 045ade486eb472e2de3d4fa2a195ca7a6af509789f350c3bb194b0f3349c554f5dd2daa720cd77518b3f2d52a4678e9894b4dc5d4470b103e6c142b22d61d161
  languageName: node
  linkType: hard

"ink@npm:^4.2.0":
  version: 4.2.0
  resolution: "ink@npm:4.2.0"
  dependencies:
    ansi-escapes: ^6.0.0
    auto-bind: ^5.0.1
    chalk: ^5.2.0
    cli-boxes: ^3.0.0
    cli-cursor: ^4.0.0
    cli-truncate: ^3.1.0
    code-excerpt: ^4.0.0
    indent-string: ^5.0.0
    is-ci: ^3.0.1
    is-lower-case: ^2.0.2
    is-upper-case: ^2.0.2
    lodash: ^4.17.21
    patch-console: ^2.0.0
    react-reconciler: ^0.29.0
    scheduler: ^0.23.0
    signal-exit: ^3.0.7
    slice-ansi: ^6.0.0
    stack-utils: ^2.0.6
    string-width: ^5.1.2
    type-fest: ^0.12.0
    widest-line: ^4.0.1
    wrap-ansi: ^8.1.0
    ws: ^8.12.0
    yoga-wasm-web: ~0.3.3
  peerDependencies:
    "@types/react": ">=18.0.0"
    react: ">=18.0.0"
    react-devtools-core: ^4.19.1
  peerDependenciesMeta:
    "@types/react":
      optional: true
    react-devtools-core:
      optional: true
  checksum: feb42cd1de654e1d3be99040eadc4f130c21a653bf7a219d1f67df975c644f68a7be6372e8855cb09375d682716c38a354d473a03767744b08e2439f9cd4cacc
  languageName: node
  linkType: hard

"is-ci@npm:^3.0.1":
  version: 3.0.1
  resolution: "is-ci@npm:3.0.1"
  dependencies:
    ci-info: ^3.2.0
  bin:
    is-ci: bin.js
  checksum: 192c66dc7826d58f803ecae624860dccf1899fc1f3ac5505284c0a5cf5f889046ffeb958fa651e5725d5705c5bcb14f055b79150ea5fcad7456a9569de60260e
  languageName: node
  linkType: hard

"is-fullwidth-code-point@npm:^3.0.0":
  version: 3.0.0
  resolution: "is-fullwidth-code-point@npm:3.0.0"
  checksum: 44a30c29457c7fb8f00297bce733f0a64cd22eca270f83e58c105e0d015e45c019491a4ab2faef91ab51d4738c670daff901c799f6a700e27f7314029e99e348
  languageName: node
  linkType: hard

"is-fullwidth-code-point@npm:^4.0.0":
  version: 4.0.0
  resolution: "is-fullwidth-code-point@npm:4.0.0"
  checksum: 8ae89bf5057bdf4f57b346fb6c55e9c3dd2549983d54191d722d5c739397a903012cc41a04ee3403fd872e811243ef91a7c5196da7b5841dc6b6aae31a264a8d
  languageName: node
  linkType: hard

"is-lower-case@npm:^2.0.2":
  version: 2.0.2
  resolution: "is-lower-case@npm:2.0.2"
  dependencies:
    tslib: ^2.0.3
  checksum: ba57dd1201e15fd9b590654736afccf1b3b68e919f40c23ef13b00ebcc639b1d9c2f81fe86415bff3e8eccffec459786c9ac9dc8f3a19cfa4484206c411c1d7d
  languageName: node
  linkType: hard

"is-upper-case@npm:^2.0.2":
  version: 2.0.2
  resolution: "is-upper-case@npm:2.0.2"
  dependencies:
    tslib: ^2.0.3
  checksum: cf4fd43c00c2e72cd5cff911923070b89f0933b464941bd782e2315385f80b5a5acd772db3b796542e5e3cfed735f4dffd88c54d62db1ebfc5c3daa7b1af2bc6
  languageName: node
  linkType: hard

"js-tokens@npm:^3.0.0 || ^4.0.0":
  version: 4.0.0
  resolution: "js-tokens@npm:4.0.0"
  checksum: 8a95213a5a77deb6cbe94d86340e8d9ace2b93bc367790b260101d2f36a2eaf4e4e22d9fa9cf459b38af3a32fb4190e638024cf82ec95ef708680e405ea7cc78
  languageName: node
  linkType: hard

"keypress@npm:^0.2.1":
  version: 0.2.1
  resolution: "keypress@npm:0.2.1"
  checksum: 8f643113fc64d4ab873c98e6b6da54de511c0b32ecefcaa4315b7466dde6c94cba0b9231421655c71b1878c7bc7c932eb75c19d0d67b6af15677778f37cd3e9e
  languageName: node
  linkType: hard

"lodash.isequal@npm:4.5.0":
  version: 4.5.0
  resolution: "lodash.isequal@npm:4.5.0"
  checksum: da27515dc5230eb1140ba65ff8de3613649620e8656b19a6270afe4866b7bd461d9ba2ac8a48dcc57f7adac4ee80e1de9f965d89d4d81a0ad52bb3eec2609644
  languageName: node
  linkType: hard

"lodash@npm:^4.17.21":
  version: 4.17.21
  resolution: "lodash@npm:4.17.21"
  checksum: eb835a2e51d381e561e508ce932ea50a8e5a68f4ebdd771ea240d3048244a8d13658acbd502cd4829768c56f2e16bdd4340b9ea141297d472517b83868e677f7
  languageName: node
  linkType: hard

"loose-envify@npm:^1.1.0":
  version: 1.4.0
  resolution: "loose-envify@npm:1.4.0"
  dependencies:
    js-tokens: ^3.0.0 || ^4.0.0
  bin:
    loose-envify: cli.js
  checksum: 6517e24e0cad87ec9888f500c5b5947032cdfe6ef65e1c1936a0c48a524b81e65542c9c3edc91c97d5bddc806ee2a985dbc79be89215d613b1de5db6d1cfe6f4
  languageName: node
  linkType: hard

"make-error@npm:^1.1.1":
  version: 1.3.6
  resolution: "make-error@npm:1.3.6"
  checksum: b86e5e0e25f7f777b77fabd8e2cbf15737972869d852a22b7e73c17623928fccb826d8e46b9951501d3f20e51ad74ba8c59ed584f610526a48f8ccf88aaec402
  languageName: node
  linkType: hard

"marked-terminal@npm:^5.1.1":
  version: 5.1.1
  resolution: "marked-terminal@npm:5.1.1"
  dependencies:
    ansi-escapes: ^5.0.0
    cardinal: ^2.1.1
    chalk: ^5.0.0
    cli-table3: ^0.6.1
    node-emoji: ^1.11.0
    supports-hyperlinks: ^2.2.0
  peerDependencies:
    marked: ^1.0.0 || ^2.0.0 || ^3.0.0 || ^4.0.0
  checksum: 24ceb02ebd10e9c6c2fac2240a2cc019093c95029732779ea41ba7a81c45867e956d1f6f1ae7426d5247ab5185b9cdaea31a9663e4d624c17335660fa9474c3d
  languageName: node
  linkType: hard

"marked@npm:^4.3.0":
  version: 4.3.0
  resolution: "marked@npm:4.3.0"
  bin:
    marked: bin/marked.js
  checksum: 0db6817893952c3ec710eb9ceafb8468bf5ae38cb0f92b7b083baa13d70b19774674be04db5b817681fa7c5c6a088f61300815e4dd75a59696f4716ad69f6260
  languageName: node
  linkType: hard

"mime-db@npm:1.52.0":
  version: 1.52.0
  resolution: "mime-db@npm:1.52.0"
  checksum: 0d99a03585f8b39d68182803b12ac601d9c01abfa28ec56204fa330bc9f3d1c5e14beb049bafadb3dbdf646dfb94b87e24d4ec7b31b7279ef906a8ea9b6a513f
  languageName: node
  linkType: hard

"mime-types@npm:^2.1.12":
  version: 2.1.35
  resolution: "mime-types@npm:2.1.35"
  dependencies:
    mime-db: 1.52.0
  checksum: 89a5b7f1def9f3af5dad6496c5ed50191ae4331cc5389d7c521c8ad28d5fdad2d06fd81baf38fed813dc4e46bb55c8145bb0ff406330818c9cf712fb2e9b3836
  languageName: node
  linkType: hard

"mimic-fn@npm:^2.1.0":
  version: 2.1.0
  resolution: "mimic-fn@npm:2.1.0"
  checksum: d2421a3444848ce7f84bd49115ddacff29c15745db73f54041edc906c14b131a38d05298dae3081667627a59b2eb1ca4b436ff2e1b80f69679522410418b478a
  languageName: node
  linkType: hard

"node-emoji@npm:^1.11.0":
  version: 1.11.0
  resolution: "node-emoji@npm:1.11.0"
  dependencies:
    lodash: ^4.17.21
  checksum: e8c856c04a1645062112a72e59a98b203505ed5111ff84a3a5f40611afa229b578c7d50f1e6a7f17aa62baeea4a640d2e2f61f63afc05423aa267af10977fb2b
  languageName: node
  linkType: hard

"onetime@npm:^5.1.0":
  version: 5.1.2
  resolution: "onetime@npm:5.1.2"
  dependencies:
    mimic-fn: ^2.1.0
  checksum: 2478859ef817fc5d4e9c2f9e5728512ddd1dbc9fb7829ad263765bb6d3b91ce699d6e2332eef6b7dff183c2f490bd3349f1666427eaba4469fba0ac38dfd0d34
  languageName: node
  linkType: hard

"openai@npm:^3.2.1":
  version: 3.2.1
  resolution: "openai@npm:3.2.1"
  dependencies:
    axios: ^0.26.0
    form-data: ^4.0.0
  checksum: ef3942e9b527cf27273c4355bb8fb9ebd94ae3a88c12eec0ac51c4ef0ad8c18864683759471597390816bcd822bdc9f2f1cea7a3eb1e432c9101f568f7c6d19a
  languageName: node
  linkType: hard

"patch-console@npm:^2.0.0":
  version: 2.0.0
  resolution: "patch-console@npm:2.0.0"
  checksum: 10e7d382cc1cf930a2114a822cdc816109a1147bcbc4881ca4fa2ad0228a60cf14d53f815fce3164f25851fea71db4026ae8271e4026b42b0a6e92ddc074d4c2
  languageName: node
  linkType: hard

"react-reconciler@npm:^0.29.0":
  version: 0.29.0
  resolution: "react-reconciler@npm:0.29.0"
  dependencies:
    loose-envify: ^1.1.0
    scheduler: ^0.23.0
  peerDependencies:
    react: ^18.2.0
  checksum: 730db9cf451fe6b5102042fda32a029c73ef970f758707d8a0f07e11e9cc262bc973987464d920b519da99f7e20bb1fef1d1c6b05ff993ad12d59d63b004a2ab
  languageName: node
  linkType: hard

"react@npm:^18.2.0":
  version: 18.2.0
  resolution: "react@npm:18.2.0"
  dependencies:
    loose-envify: ^1.1.0
  checksum: 88e38092da8839b830cda6feef2e8505dec8ace60579e46aa5490fc3dc9bba0bd50336507dc166f43e3afc1c42939c09fe33b25fae889d6f402721dcd78fca1b
  languageName: node
  linkType: hard

"redeyed@npm:~2.1.0":
  version: 2.1.1
  resolution: "redeyed@npm:2.1.1"
  dependencies:
    esprima: ~4.0.0
  checksum: 39a1426e377727cfb47a0e24e95c1cf78d969fbc388dc1e0fa1e2ef8a8756450cefb8b0c2598f63b85f1a331986fca7604c0db798427a5775a1dbdb9c1291979
  languageName: node
  linkType: hard

"restore-cursor@npm:^4.0.0":
  version: 4.0.0
  resolution: "restore-cursor@npm:4.0.0"
  dependencies:
    onetime: ^5.1.0
    signal-exit: ^3.0.2
  checksum: 5b675c5a59763bf26e604289eab35711525f11388d77f409453904e1e69c0d37ae5889295706b2c81d23bd780165084d040f9b68fffc32cc921519031c4fa4af
  languageName: node
  linkType: hard

"scheduler@npm:^0.23.0":
  version: 0.23.0
  resolution: "scheduler@npm:0.23.0"
  dependencies:
    loose-envify: ^1.1.0
  checksum: d79192eeaa12abef860c195ea45d37cbf2bbf5f66e3c4dcd16f54a7da53b17788a70d109ee3d3dde1a0fd50e6a8fc171f4300356c5aee4fc0171de526bf35f8a
  languageName: node
  linkType: hard

"signal-exit@npm:^3.0.2, signal-exit@npm:^3.0.7":
  version: 3.0.7
  resolution: "signal-exit@npm:3.0.7"
  checksum: a2f098f247adc367dffc27845853e9959b9e88b01cb301658cfe4194352d8d2bb32e18467c786a7fe15f1d44b233ea35633d076d5e737870b7139949d1ab6318
  languageName: node
  linkType: hard

"slice-ansi@npm:^5.0.0":
  version: 5.0.0
  resolution: "slice-ansi@npm:5.0.0"
  dependencies:
    ansi-styles: ^6.0.0
    is-fullwidth-code-point: ^4.0.0
  checksum: 7e600a2a55e333a21ef5214b987c8358fe28bfb03c2867ff2cbf919d62143d1812ac27b4297a077fdaf27a03da3678e49551c93e35f9498a3d90221908a1180e
  languageName: node
  linkType: hard

"slice-ansi@npm:^6.0.0":
  version: 6.0.0
  resolution: "slice-ansi@npm:6.0.0"
  dependencies:
    ansi-styles: ^6.2.1
    is-fullwidth-code-point: ^4.0.0
  checksum: d0510f02af166eff9948e7cf88985c33d9ded6de0e39908b67b5e29f802c88025c27d7e1801ce1d1d1ec311fb539538086cd2a4193d2e8f735e6c5c0e63486dd
  languageName: node
  linkType: hard

"stack-utils@npm:^2.0.6":
  version: 2.0.6
  resolution: "stack-utils@npm:2.0.6"
  dependencies:
    escape-string-regexp: ^2.0.0
  checksum: 052bf4d25bbf5f78e06c1d5e67de2e088b06871fa04107ca8d3f0e9d9263326e2942c8bedee3545795fc77d787d443a538345eef74db2f8e35db3558c6f91ff7
  languageName: node
  linkType: hard

"string-width@npm:^4.2.0":
  version: 4.2.3
  resolution: "string-width@npm:4.2.3"
  dependencies:
    emoji-regex: ^8.0.0
    is-fullwidth-code-point: ^3.0.0
    strip-ansi: ^6.0.1
  checksum: e52c10dc3fbfcd6c3a15f159f54a90024241d0f149cf8aed2982a2d801d2e64df0bf1dc351cf8e95c3319323f9f220c16e740b06faecd53e2462df1d2b5443fb
  languageName: node
  linkType: hard

"string-width@npm:^5.0.0, string-width@npm:^5.0.1, string-width@npm:^5.1.2":
  version: 5.1.2
  resolution: "string-width@npm:5.1.2"
  dependencies:
    eastasianwidth: ^0.2.0
    emoji-regex: ^9.2.2
    strip-ansi: ^7.0.1
  checksum: 7369deaa29f21dda9a438686154b62c2c5f661f8dda60449088f9f980196f7908fc39fdd1803e3e01541970287cf5deae336798337e9319a7055af89dafa7193
  languageName: node
  linkType: hard

"strip-ansi@npm:^6.0.1":
  version: 6.0.1
  resolution: "strip-ansi@npm:6.0.1"
  dependencies:
    ansi-regex: ^5.0.1
  checksum: f3cd25890aef3ba6e1a74e20896c21a46f482e93df4a06567cebf2b57edabb15133f1f94e57434e0a958d61186087b1008e89c94875d019910a213181a14fc8c
  languageName: node
  linkType: hard

"strip-ansi@npm:^7.0.1":
  version: 7.0.1
  resolution: "strip-ansi@npm:7.0.1"
  dependencies:
    ansi-regex: ^6.0.1
  checksum: 257f78fa433520e7f9897722731d78599cb3fce29ff26a20a5e12ba4957463b50a01136f37c43707f4951817a75e90820174853d6ccc240997adc5df8f966039
  languageName: node
  linkType: hard

"supports-color@npm:^7.0.0":
  version: 7.2.0
  resolution: "supports-color@npm:7.2.0"
  dependencies:
    has-flag: ^4.0.0
  checksum: 3dda818de06ebbe5b9653e07842d9479f3555ebc77e9a0280caf5a14fb877ffee9ed57007c3b78f5a6324b8dbeec648d9e97a24e2ed9fdb81ddc69ea07100f4a
  languageName: node
  linkType: hard

"supports-hyperlinks@npm:^2.2.0":
  version: 2.3.0
  resolution: "supports-hyperlinks@npm:2.3.0"
  dependencies:
    has-flag: ^4.0.0
    supports-color: ^7.0.0
  checksum: 9ee0de3c8ce919d453511b2b1588a8205bd429d98af94a01df87411391010fe22ca463f268c84b2ce2abad019dfff8452aa02806eeb5c905a8d7ad5c4f4c52b8
  languageName: node
  linkType: hard

"ts-node@npm:^10.9.1":
  version: 10.9.1
  resolution: "ts-node@npm:10.9.1"
  dependencies:
    "@cspotcode/source-map-support": ^0.8.0
    "@tsconfig/node10": ^1.0.7
    "@tsconfig/node12": ^1.0.7
    "@tsconfig/node14": ^1.0.0
    "@tsconfig/node16": ^1.0.2
    acorn: ^8.4.1
    acorn-walk: ^8.1.1
    arg: ^4.1.0
    create-require: ^1.1.0
    diff: ^4.0.1
    make-error: ^1.1.1
    v8-compile-cache-lib: ^3.0.1
    yn: 3.1.1
  peerDependencies:
    "@swc/core": ">=1.2.50"
    "@swc/wasm": ">=1.2.50"
    "@types/node": "*"
    typescript: ">=2.7"
  peerDependenciesMeta:
    "@swc/core":
      optional: true
    "@swc/wasm":
      optional: true
  bin:
    ts-node: dist/bin.js
    ts-node-cwd: dist/bin-cwd.js
    ts-node-esm: dist/bin-esm.js
    ts-node-script: dist/bin-script.js
    ts-node-transpile-only: dist/bin-transpile.js
    ts-script: dist/bin-script-deprecated.js
  checksum: 090adff1302ab20bd3486e6b4799e90f97726ed39e02b39e566f8ab674fd5bd5f727f43615debbfc580d33c6d9d1c6b1b3ce7d8e3cca3e20530a145ffa232c35
  languageName: node
  linkType: hard

"tslib@npm:^2.0.3":
  version: 2.5.0
  resolution: "tslib@npm:2.5.0"
  checksum: ae3ed5f9ce29932d049908ebfdf21b3a003a85653a9a140d614da6b767a93ef94f460e52c3d787f0e4f383546981713f165037dc2274df212ea9f8a4541004e1
  languageName: node
  linkType: hard

"type-fest@npm:^0.12.0":
  version: 0.12.0
  resolution: "type-fest@npm:0.12.0"
  checksum: 407d6c1a6fcc907f6124c37e977ba4966205014787a32a27579da6e47c3b1bd210b68cc1c7764d904c8aa55fb4efa6945586f9b4fae742c63ed026a4559da07d
  languageName: node
  linkType: hard

"type-fest@npm:^1.0.2":
  version: 1.4.0
  resolution: "type-fest@npm:1.4.0"
  checksum: b011c3388665b097ae6a109a437a04d6f61d81b7357f74cbcb02246f2f5bd72b888ae33631b99871388122ba0a87f4ff1c94078e7119ff22c70e52c0ff828201
  languageName: node
  linkType: hard

"type-fest@npm:^3.0.0, type-fest@npm:^3.6.1, type-fest@npm:^3.8.0":
  version: 3.8.0
  resolution: "type-fest@npm:3.8.0"
  checksum: f9a9ef00378dddd6af2be5cbb67ce4c3a61f6696c5f3ae88815c98266865766118343d928faec8a0efc012efe1d080f59bf62d8fdc382bf285f45d02dbc8fb66
  languageName: node
  linkType: hard

"typescript@npm:^5.0.4":
  version: 5.0.4
  resolution: "typescript@npm:5.0.4"
  bin:
    tsc: bin/tsc
    tsserver: bin/tsserver
  checksum: 82b94da3f4604a8946da585f7d6c3025fff8410779e5bde2855ab130d05e4fd08938b9e593b6ebed165bda6ad9292b230984f10952cf82f0a0ca07bbeaa08172
  languageName: node
  linkType: hard

"typescript@patch:typescript@^5.0.4#~builtin<compat/typescript>":
  version: 5.0.4
  resolution: "typescript@patch:typescript@npm%3A5.0.4#~builtin<compat/typescript>::version=5.0.4&hash=1f5320"
  bin:
    tsc: bin/tsc
    tsserver: bin/tsserver
  checksum: 6a1fe9a77bb9c5176ead919cc4a1499ee63e46b4e05bf667079f11bf3a8f7887f135aa72460a4c3b016e6e6bb65a822cb8689a6d86cbfe92d22cc9f501f09213
  languageName: node
  linkType: hard

"uuid@npm:^9.0.0":
  version: 9.0.0
  resolution: "uuid@npm:9.0.0"
  bin:
    uuid: dist/bin/uuid
  checksum: 8dd2c83c43ddc7e1c71e36b60aea40030a6505139af6bee0f382ebcd1a56f6cd3028f7f06ffb07f8cf6ced320b76aea275284b224b002b289f89fe89c389b028
  languageName: node
  linkType: hard

"v8-compile-cache-lib@npm:^3.0.1":
  version: 3.0.1
  resolution: "v8-compile-cache-lib@npm:3.0.1"
  checksum: 78089ad549e21bcdbfca10c08850022b22024cdcc2da9b168bcf5a73a6ed7bf01a9cebb9eac28e03cd23a684d81e0502797e88f3ccd27a32aeab1cfc44c39da0
  languageName: node
  linkType: hard

"widest-line@npm:^4.0.1":
  version: 4.0.1
  resolution: "widest-line@npm:4.0.1"
  dependencies:
    string-width: ^5.0.1
  checksum: 64c48cf27171221be5f86fc54b94dd29879165bdff1a7aa92dde723d9a8c99fb108312768a5d62c8c2b80b701fa27bbd36a1ddc58367585cd45c0db7920a0cba
  languageName: node
  linkType: hard

"wrap-ansi@npm:^8.1.0":
  version: 8.1.0
  resolution: "wrap-ansi@npm:8.1.0"
  dependencies:
    ansi-styles: ^6.1.0
    string-width: ^5.0.1
    strip-ansi: ^7.0.1
  checksum: 371733296dc2d616900ce15a0049dca0ef67597d6394c57347ba334393599e800bab03c41d4d45221b6bc967b8c453ec3ae4749eff3894202d16800fdfe0e238
  languageName: node
  linkType: hard

"ws@npm:^8.12.0":
  version: 8.13.0
  resolution: "ws@npm:8.13.0"
  peerDependencies:
    bufferutil: ^4.0.1
    utf-8-validate: ">=5.0.2"
  peerDependenciesMeta:
    bufferutil:
      optional: true
    utf-8-validate:
      optional: true
  checksum: 53e991bbf928faf5dc6efac9b8eb9ab6497c69feeb94f963d648b7a3530a720b19ec2e0ec037344257e05a4f35bd9ad04d9de6f289615ffb133282031b18c61c
  languageName: node
  linkType: hard

"yn@npm:3.1.1":
  version: 3.1.1
  resolution: "yn@npm:3.1.1"
  checksum: 2c487b0e149e746ef48cda9f8bad10fc83693cd69d7f9dcd8be4214e985de33a29c9e24f3c0d6bcf2288427040a8947406ab27f7af67ee9456e6b84854f02dd6
  languageName: node
  linkType: hard

"yoga-wasm-web@npm:~0.3.3":
  version: 0.3.3
  resolution: "yoga-wasm-web@npm:0.3.3"
  checksum: ff65192a832975ff531a1b6eae160c2da859c250feaa58b6389b684f9b48f53fda849a7ea49d12d241198309e671e6bd230a44e7155af9573d7843ac48831c98
  languageName: node
  linkType: hard
